// !$*UTF8*$!
{
	archiveVersion = 1;
	classes = {
	};
	objectVersion = 50;
	objects = {

/* Begin PBXBuildFile section */
		0D1055B0A68DA1E82D6AEEE3 /* Pods_mvvmsampleTests.framework in Frameworks */ = {isa = PBXBuildFile; fileRef = D6D45AAF98FE26DAACE95DD6 /* Pods_mvvmsampleTests.framework */; };
		B25DFCC9D5BA5E8BB70E83E8 /* Pods_mvvmsample.framework in Frameworks */ = {isa = PBXBuildFile; fileRef = 4BAE2116937627F8D37A4907 /* Pods_mvvmsample.framework */; };
		D3B4D21D2175B884004F9891 /* AppDelegate.swift in Sources */ = {isa = PBXBuildFile; fileRef = D3B4D21C2175B884004F9891 /* AppDelegate.swift */; };
		D3B4D21F2175B884004F9891 /* ViewController.swift in Sources */ = {isa = PBXBuildFile; fileRef = D3B4D21E2175B884004F9891 /* ViewController.swift */; };
		D3B4D2222175B884004F9891 /* Main.storyboard in Resources */ = {isa = PBXBuildFile; fileRef = D3B4D2202175B884004F9891 /* Main.storyboard */; };
		D3B4D2242175B886004F9891 /* Assets.xcassets in Resources */ = {isa = PBXBuildFile; fileRef = D3B4D2232175B886004F9891 /* Assets.xcassets */; };
		D3B4D2272175B886004F9891 /* LaunchScreen.storyboard in Resources */ = {isa = PBXBuildFile; fileRef = D3B4D2252175B886004F9891 /* LaunchScreen.storyboard */; };
		D3B4D2322175B886004F9891 /* loginViewModelTests.swift in Sources */ = {isa = PBXBuildFile; fileRef = D3B4D2312175B886004F9891 /* loginViewModelTests.swift */; };
		D3B4D23D2175B886004F9891 /* mvvmsampleUITests.swift in Sources */ = {isa = PBXBuildFile; fileRef = D3B4D23C2175B886004F9891 /* mvvmsampleUITests.swift */; };
		D3B4D24C2175BBA7004F9891 /* LoginViewModel.swift in Sources */ = {isa = PBXBuildFile; fileRef = D3B4D24B2175BBA7004F9891 /* LoginViewModel.swift */; };
		F6725AB5E4C2121A4596CCC2 /* Pods_mvvmsampleUITests.framework in Frameworks */ = {isa = PBXBuildFile; fileRef = 87CCEF21C80623B7CD370A04 /* Pods_mvvmsampleUITests.framework */; };
/* End PBXBuildFile section */

/* Begin PBXContainerItemProxy section */
		D3B4D22E2175B886004F9891 /* PBXContainerItemProxy */ = {
			isa = PBXContainerItemProxy;
			containerPortal = D3B4D2112175B884004F9891 /* Project object */;
			proxyType = 1;
			remoteGlobalIDString = D3B4D2182175B884004F9891;
			remoteInfo = mvvmsample;
		};
		D3B4D2392175B886004F9891 /* PBXContainerItemProxy */ = {
			isa = PBXContainerItemProxy;
			containerPortal = D3B4D2112175B884004F9891 /* Project object */;
			proxyType = 1;
			remoteGlobalIDString = D3B4D2182175B884004F9891;
			remoteInfo = mvvmsample;
		};
/* End PBXContainerItemProxy section */

/* Begin PBXFileReference section */
		00EB7B3C3E45AC6087475DAB /* Pods-mvvmsample.release.xcconfig */ = {isa = PBXFileReference; includeInIndex = 1; lastKnownFileType = text.xcconfig; name = "Pods-mvvmsample.release.xcconfig"; path = "Pods/Target Support Files/Pods-mvvmsample/Pods-mvvmsample.release.xcconfig"; sourceTree = "<group>"; };
		1EA4DFAA7A81AAABCF7E26F0 /* Pods-mvvmsample.debug.xcconfig */ = {isa = PBXFileReference; includeInIndex = 1; lastKnownFileType = text.xcconfig; name = "Pods-mvvmsample.debug.xcconfig"; path = "Pods/Target Support Files/Pods-mvvmsample/Pods-mvvmsample.debug.xcconfig"; sourceTree = "<group>"; };
		4800A1901F2573770C23590E /* Pods-mvvmsampleTests.debug.xcconfig */ = {isa = PBXFileReference; includeInIndex = 1; lastKnownFileType = text.xcconfig; name = "Pods-mvvmsampleTests.debug.xcconfig"; path = "Pods/Target Support Files/Pods-mvvmsampleTests/Pods-mvvmsampleTests.debug.xcconfig"; sourceTree = "<group>"; };
		4BAE2116937627F8D37A4907 /* Pods_mvvmsample.framework */ = {isa = PBXFileReference; explicitFileType = wrapper.framework; includeInIndex = 0; path = Pods_mvvmsample.framework; sourceTree = BUILT_PRODUCTS_DIR; };
		72269B33C7277C230CEEB344 /* Pods-mvvmsampleUITests.release.xcconfig */ = {isa = PBXFileReference; includeInIndex = 1; lastKnownFileType = text.xcconfig; name = "Pods-mvvmsampleUITests.release.xcconfig"; path = "Pods/Target Support Files/Pods-mvvmsampleUITests/Pods-mvvmsampleUITests.release.xcconfig"; sourceTree = "<group>"; };
		87CCEF21C80623B7CD370A04 /* Pods_mvvmsampleUITests.framework */ = {isa = PBXFileReference; explicitFileType = wrapper.framework; includeInIndex = 0; path = Pods_mvvmsampleUITests.framework; sourceTree = BUILT_PRODUCTS_DIR; };
		8B6D8E6A8B1EB509F479BDDB /* Pods-mvvmsampleUITests.debug.xcconfig */ = {isa = PBXFileReference; includeInIndex = 1; lastKnownFileType = text.xcconfig; name = "Pods-mvvmsampleUITests.debug.xcconfig"; path = "Pods/Target Support Files/Pods-mvvmsampleUITests/Pods-mvvmsampleUITests.debug.xcconfig"; sourceTree = "<group>"; };
		D3B4D2192175B884004F9891 /* mvvmsample.app */ = {isa = PBXFileReference; explicitFileType = wrapper.application; includeInIndex = 0; path = mvvmsample.app; sourceTree = BUILT_PRODUCTS_DIR; };
		D3B4D21C2175B884004F9891 /* AppDelegate.swift */ = {isa = PBXFileReference; lastKnownFileType = sourcecode.swift; path = AppDelegate.swift; sourceTree = "<group>"; };
		D3B4D21E2175B884004F9891 /* ViewController.swift */ = {isa = PBXFileReference; lastKnownFileType = sourcecode.swift; path = ViewController.swift; sourceTree = "<group>"; };
		D3B4D2212175B884004F9891 /* Base */ = {isa = PBXFileReference; lastKnownFileType = file.storyboard; name = Base; path = Base.lproj/Main.storyboard; sourceTree = "<group>"; };
		D3B4D2232175B886004F9891 /* Assets.xcassets */ = {isa = PBXFileReference; lastKnownFileType = folder.assetcatalog; path = Assets.xcassets; sourceTree = "<group>"; };
		D3B4D2262175B886004F9891 /* Base */ = {isa = PBXFileReference; lastKnownFileType = file.storyboard; name = Base; path = Base.lproj/LaunchScreen.storyboard; sourceTree = "<group>"; };
		D3B4D2282175B886004F9891 /* Info.plist */ = {isa = PBXFileReference; lastKnownFileType = text.plist.xml; path = Info.plist; sourceTree = "<group>"; };
		D3B4D22D2175B886004F9891 /* mvvmsampleTests.xctest */ = {isa = PBXFileReference; explicitFileType = wrapper.cfbundle; includeInIndex = 0; path = mvvmsampleTests.xctest; sourceTree = BUILT_PRODUCTS_DIR; };
		D3B4D2312175B886004F9891 /* loginViewModelTests.swift */ = {isa = PBXFileReference; lastKnownFileType = sourcecode.swift; path = loginViewModelTests.swift; sourceTree = "<group>"; };
		D3B4D2332175B886004F9891 /* Info.plist */ = {isa = PBXFileReference; lastKnownFileType = text.plist.xml; path = Info.plist; sourceTree = "<group>"; };
		D3B4D2382175B886004F9891 /* mvvmsampleUITests.xctest */ = {isa = PBXFileReference; explicitFileType = wrapper.cfbundle; includeInIndex = 0; path = mvvmsampleUITests.xctest; sourceTree = BUILT_PRODUCTS_DIR; };
		D3B4D23C2175B886004F9891 /* mvvmsampleUITests.swift */ = {isa = PBXFileReference; lastKnownFileType = sourcecode.swift; path = mvvmsampleUITests.swift; sourceTree = "<group>"; };
		D3B4D23E2175B886004F9891 /* Info.plist */ = {isa = PBXFileReference; lastKnownFileType = text.plist.xml; path = Info.plist; sourceTree = "<group>"; };
		D3B4D24B2175BBA7004F9891 /* LoginViewModel.swift */ = {isa = PBXFileReference; lastKnownFileType = sourcecode.swift; path = LoginViewModel.swift; sourceTree = "<group>"; };
		D6D45AAF98FE26DAACE95DD6 /* Pods_mvvmsampleTests.framework */ = {isa = PBXFileReference; explicitFileType = wrapper.framework; includeInIndex = 0; path = Pods_mvvmsampleTests.framework; sourceTree = BUILT_PRODUCTS_DIR; };
		F226E483C5A1BB427E693C47 /* Pods-mvvmsampleTests.release.xcconfig */ = {isa = PBXFileReference; includeInIndex = 1; lastKnownFileType = text.xcconfig; name = "Pods-mvvmsampleTests.release.xcconfig"; path = "Pods/Target Support Files/Pods-mvvmsampleTests/Pods-mvvmsampleTests.release.xcconfig"; sourceTree = "<group>"; };
/* End PBXFileReference section */

/* Begin PBXFrameworksBuildPhase section */
		D3B4D2162175B884004F9891 /* Frameworks */ = {
			isa = PBXFrameworksBuildPhase;
			buildActionMask = 2147483647;
			files = (
				B25DFCC9D5BA5E8BB70E83E8 /* Pods_mvvmsample.framework in Frameworks */,
			);
			runOnlyForDeploymentPostprocessing = 0;
		};
		D3B4D22A2175B886004F9891 /* Frameworks */ = {
			isa = PBXFrameworksBuildPhase;
			buildActionMask = 2147483647;
			files = (
				0D1055B0A68DA1E82D6AEEE3 /* Pods_mvvmsampleTests.framework in Frameworks */,
			);
			runOnlyForDeploymentPostprocessing = 0;
		};
		D3B4D2352175B886004F9891 /* Frameworks */ = {
			isa = PBXFrameworksBuildPhase;
			buildActionMask = 2147483647;
			files = (
				F6725AB5E4C2121A4596CCC2 /* Pods_mvvmsampleUITests.framework in Frameworks */,
			);
			runOnlyForDeploymentPostprocessing = 0;
		};
/* End PBXFrameworksBuildPhase section */

/* Begin PBXGroup section */
		19A1A1E174F902DEB67A7FAF /* Pods */ = {
			isa = PBXGroup;
			children = (
				1EA4DFAA7A81AAABCF7E26F0 /* Pods-mvvmsample.debug.xcconfig */,
				00EB7B3C3E45AC6087475DAB /* Pods-mvvmsample.release.xcconfig */,
				4800A1901F2573770C23590E /* Pods-mvvmsampleTests.debug.xcconfig */,
				F226E483C5A1BB427E693C47 /* Pods-mvvmsampleTests.release.xcconfig */,
				8B6D8E6A8B1EB509F479BDDB /* Pods-mvvmsampleUITests.debug.xcconfig */,
				72269B33C7277C230CEEB344 /* Pods-mvvmsampleUITests.release.xcconfig */,
			);
			name = Pods;
			sourceTree = "<group>";
		};
		BCC5D748527E053AF4C3D9D0 /* Frameworks */ = {
			isa = PBXGroup;
			children = (
				4BAE2116937627F8D37A4907 /* Pods_mvvmsample.framework */,
				D6D45AAF98FE26DAACE95DD6 /* Pods_mvvmsampleTests.framework */,
				87CCEF21C80623B7CD370A04 /* Pods_mvvmsampleUITests.framework */,
			);
			name = Frameworks;
			sourceTree = "<group>";
		};
		D3B4D2102175B884004F9891 = {
			isa = PBXGroup;
			children = (
				D3B4D21B2175B884004F9891 /* mvvmsample */,
				D3B4D2302175B886004F9891 /* mvvmsampleTests */,
				D3B4D23B2175B886004F9891 /* mvvmsampleUITests */,
				D3B4D21A2175B884004F9891 /* Products */,
				19A1A1E174F902DEB67A7FAF /* Pods */,
				BCC5D748527E053AF4C3D9D0 /* Frameworks */,
			);
			sourceTree = "<group>";
		};
		D3B4D21A2175B884004F9891 /* Products */ = {
			isa = PBXGroup;
			children = (
				D3B4D2192175B884004F9891 /* mvvmsample.app */,
				D3B4D22D2175B886004F9891 /* mvvmsampleTests.xctest */,
				D3B4D2382175B886004F9891 /* mvvmsampleUITests.xctest */,
			);
			name = Products;
			sourceTree = "<group>";
		};
		D3B4D21B2175B884004F9891 /* mvvmsample */ = {
			isa = PBXGroup;
			children = (
				D3B4D24A2175BB84004F9891 /* ViewController */,
				D3B4D21C2175B884004F9891 /* AppDelegate.swift */,
				D3B4D2202175B884004F9891 /* Main.storyboard */,
				D3B4D2232175B886004F9891 /* Assets.xcassets */,
				D3B4D2252175B886004F9891 /* LaunchScreen.storyboard */,
				D3B4D2282175B886004F9891 /* Info.plist */,
			);
			path = mvvmsample;
			sourceTree = "<group>";
		};
		D3B4D2302175B886004F9891 /* mvvmsampleTests */ = {
			isa = PBXGroup;
			children = (
				D3B4D2312175B886004F9891 /* loginViewModelTests.swift */,
				D3B4D2332175B886004F9891 /* Info.plist */,
			);
			path = mvvmsampleTests;
			sourceTree = "<group>";
		};
		D3B4D23B2175B886004F9891 /* mvvmsampleUITests */ = {
			isa = PBXGroup;
			children = (
				D3B4D23C2175B886004F9891 /* mvvmsampleUITests.swift */,
				D3B4D23E2175B886004F9891 /* Info.plist */,
			);
			path = mvvmsampleUITests;
			sourceTree = "<group>";
		};
		D3B4D24A2175BB84004F9891 /* ViewController */ = {
			isa = PBXGroup;
			children = (
				D3B4D21E2175B884004F9891 /* ViewController.swift */,
				D3B4D24B2175BBA7004F9891 /* LoginViewModel.swift */,
			);
			path = ViewController;
			sourceTree = "<group>";
		};
/* End PBXGroup section */

/* Begin PBXNativeTarget section */
		D3B4D2182175B884004F9891 /* mvvmsample */ = {
			isa = PBXNativeTarget;
			buildConfigurationList = D3B4D2412175B886004F9891 /* Build configuration list for PBXNativeTarget "mvvmsample" */;
			buildPhases = (
				579FE19260789DE299637501 /* [CP] Check Pods Manifest.lock */,
				D3B4D2152175B884004F9891 /* Sources */,
				D3B4D2162175B884004F9891 /* Frameworks */,
				D3B4D2172175B884004F9891 /* Resources */,
				B2ED866B51AD395E0315F92C /* [CP] Embed Pods Frameworks */,
				D3BE752B217703E4006BF769 /* ShellScript */,
			);
			buildRules = (
			);
			dependencies = (
			);
			name = mvvmsample;
			productName = mvvmsample;
			productReference = D3B4D2192175B884004F9891 /* mvvmsample.app */;
			productType = "com.apple.product-type.application";
		};
		D3B4D22C2175B886004F9891 /* mvvmsampleTests */ = {
			isa = PBXNativeTarget;
			buildConfigurationList = D3B4D2442175B886004F9891 /* Build configuration list for PBXNativeTarget "mvvmsampleTests" */;
			buildPhases = (
				BB761E89762DE76B78A0FBDB /* [CP] Check Pods Manifest.lock */,
				D3B4D2292175B886004F9891 /* Sources */,
				D3B4D22A2175B886004F9891 /* Frameworks */,
				D3B4D22B2175B886004F9891 /* Resources */,
				2572C86DEE9465E3792C5045 /* [CP] Embed Pods Frameworks */,
			);
			buildRules = (
			);
			dependencies = (
				D3B4D22F2175B886004F9891 /* PBXTargetDependency */,
			);
			name = mvvmsampleTests;
			productName = mvvmsampleTests;
			productReference = D3B4D22D2175B886004F9891 /* mvvmsampleTests.xctest */;
			productType = "com.apple.product-type.bundle.unit-test";
		};
		D3B4D2372175B886004F9891 /* mvvmsampleUITests */ = {
			isa = PBXNativeTarget;
			buildConfigurationList = D3B4D2472175B886004F9891 /* Build configuration list for PBXNativeTarget "mvvmsampleUITests" */;
			buildPhases = (
				EA00A09CBAB959BBC4D8533C /* [CP] Check Pods Manifest.lock */,
				D3B4D2342175B886004F9891 /* Sources */,
				D3B4D2352175B886004F9891 /* Frameworks */,
				D3B4D2362175B886004F9891 /* Resources */,
			);
			buildRules = (
			);
			dependencies = (
				D3B4D23A2175B886004F9891 /* PBXTargetDependency */,
			);
			name = mvvmsampleUITests;
			productName = mvvmsampleUITests;
			productReference = D3B4D2382175B886004F9891 /* mvvmsampleUITests.xctest */;
			productType = "com.apple.product-type.bundle.ui-testing";
		};
/* End PBXNativeTarget section */

/* Begin PBXProject section */
		D3B4D2112175B884004F9891 /* Project object */ = {
			isa = PBXProject;
			attributes = {
				LastSwiftUpdateCheck = 1000;
				LastUpgradeCheck = 1000;
				ORGANIZATIONNAME = "taehoon koo";
				TargetAttributes = {
					D3B4D2182175B884004F9891 = {
						CreatedOnToolsVersion = 10.0;
					};
					D3B4D22C2175B886004F9891 = {
						CreatedOnToolsVersion = 10.0;
						TestTargetID = D3B4D2182175B884004F9891;
					};
					D3B4D2372175B886004F9891 = {
						CreatedOnToolsVersion = 10.0;
						TestTargetID = D3B4D2182175B884004F9891;
					};
				};
			};
			buildConfigurationList = D3B4D2142175B884004F9891 /* Build configuration list for PBXProject "mvvmsample" */;
			compatibilityVersion = "Xcode 9.3";
			developmentRegion = en;
			hasScannedForEncodings = 0;
			knownRegions = (
				en,
				Base,
			);
			mainGroup = D3B4D2102175B884004F9891;
			productRefGroup = D3B4D21A2175B884004F9891 /* Products */;
			projectDirPath = "";
			projectRoot = "";
			targets = (
				D3B4D2182175B884004F9891 /* mvvmsample */,
				D3B4D22C2175B886004F9891 /* mvvmsampleTests */,
				D3B4D2372175B886004F9891 /* mvvmsampleUITests */,
			);
		};
/* End PBXProject section */

/* Begin PBXResourcesBuildPhase section */
		D3B4D2172175B884004F9891 /* Resources */ = {
			isa = PBXResourcesBuildPhase;
			buildActionMask = 2147483647;
			files = (
				D3B4D2272175B886004F9891 /* LaunchScreen.storyboard in Resources */,
				D3B4D2242175B886004F9891 /* Assets.xcassets in Resources */,
				D3B4D2222175B884004F9891 /* Main.storyboard in Resources */,
			);
			runOnlyForDeploymentPostprocessing = 0;
		};
		D3B4D22B2175B886004F9891 /* Resources */ = {
			isa = PBXResourcesBuildPhase;
			buildActionMask = 2147483647;
			files = (
			);
			runOnlyForDeploymentPostprocessing = 0;
		};
		D3B4D2362175B886004F9891 /* Resources */ = {
			isa = PBXResourcesBuildPhase;
			buildActionMask = 2147483647;
			files = (
			);
			runOnlyForDeploymentPostprocessing = 0;
		};
/* End PBXResourcesBuildPhase section */

/* Begin PBXShellScriptBuildPhase section */
		2572C86DEE9465E3792C5045 /* [CP] Embed Pods Frameworks */ = {
			isa = PBXShellScriptBuildPhase;
			buildActionMask = 2147483647;
			files = (
			);
			inputFileListPaths = (
			);
			inputPaths = (
				"${SRCROOT}/Pods/Target Support Files/Pods-mvvmsampleTests/Pods-mvvmsampleTests-frameworks.sh",
				"${BUILT_PRODUCTS_DIR}/RxSwift/RxSwift.framework",
				"${BUILT_PRODUCTS_DIR}/RxBlocking/RxBlocking.framework",
				"${BUILT_PRODUCTS_DIR}/RxTest/RxTest.framework",
			);
			name = "[CP] Embed Pods Frameworks";
			outputFileListPaths = (
			);
			outputPaths = (
				"${TARGET_BUILD_DIR}/${FRAMEWORKS_FOLDER_PATH}/RxSwift.framework",
				"${TARGET_BUILD_DIR}/${FRAMEWORKS_FOLDER_PATH}/RxBlocking.framework",
				"${TARGET_BUILD_DIR}/${FRAMEWORKS_FOLDER_PATH}/RxTest.framework",
			);
			runOnlyForDeploymentPostprocessing = 0;
			shellPath = /bin/sh;
			shellScript = "\"${SRCROOT}/Pods/Target Support Files/Pods-mvvmsampleTests/Pods-mvvmsampleTests-frameworks.sh\"\n";
			showEnvVarsInLog = 0;
		};
		579FE19260789DE299637501 /* [CP] Check Pods Manifest.lock */ = {
			isa = PBXShellScriptBuildPhase;
			buildActionMask = 2147483647;
			files = (
			);
			inputFileListPaths = (
			);
			inputPaths = (
				"${PODS_PODFILE_DIR_PATH}/Podfile.lock",
				"${PODS_ROOT}/Manifest.lock",
			);
			name = "[CP] Check Pods Manifest.lock";
			outputFileListPaths = (
			);
			outputPaths = (
				"$(DERIVED_FILE_DIR)/Pods-mvvmsample-checkManifestLockResult.txt",
			);
			runOnlyForDeploymentPostprocessing = 0;
			shellPath = /bin/sh;
			shellScript = "diff \"${PODS_PODFILE_DIR_PATH}/Podfile.lock\" \"${PODS_ROOT}/Manifest.lock\" > /dev/null\nif [ $? != 0 ] ; then\n    # print error to STDERR\n    echo \"error: The sandbox is not in sync with the Podfile.lock. Run 'pod install' or update your CocoaPods installation.\" >&2\n    exit 1\nfi\n# This output is used by Xcode 'outputs' to avoid re-running this script phase.\necho \"SUCCESS\" > \"${SCRIPT_OUTPUT_FILE_0}\"\n";
			showEnvVarsInLog = 0;
		};
		B2ED866B51AD395E0315F92C /* [CP] Embed Pods Frameworks */ = {
			isa = PBXShellScriptBuildPhase;
			buildActionMask = 2147483647;
			files = (
			);
			inputFileListPaths = (
			);
			inputPaths = (
				"${SRCROOT}/Pods/Target Support Files/Pods-mvvmsample/Pods-mvvmsample-frameworks.sh",
				"${BUILT_PRODUCTS_DIR}/RxCocoa/RxCocoa.framework",
				"${BUILT_PRODUCTS_DIR}/RxSwift/RxSwift.framework",
			);
			name = "[CP] Embed Pods Frameworks";
			outputFileListPaths = (
			);
			outputPaths = (
				"${TARGET_BUILD_DIR}/${FRAMEWORKS_FOLDER_PATH}/RxCocoa.framework",
				"${TARGET_BUILD_DIR}/${FRAMEWORKS_FOLDER_PATH}/RxSwift.framework",
			);
			runOnlyForDeploymentPostprocessing = 0;
			shellPath = /bin/sh;
			shellScript = "\"${SRCROOT}/Pods/Target Support Files/Pods-mvvmsample/Pods-mvvmsample-frameworks.sh\"\n";
			showEnvVarsInLog = 0;
		};
		BB761E89762DE76B78A0FBDB /* [CP] Check Pods Manifest.lock */ = {
			isa = PBXShellScriptBuildPhase;
			buildActionMask = 2147483647;
			files = (
			);
			inputFileListPaths = (
			);
			inputPaths = (
				"${PODS_PODFILE_DIR_PATH}/Podfile.lock",
				"${PODS_ROOT}/Manifest.lock",
			);
			name = "[CP] Check Pods Manifest.lock";
			outputFileListPaths = (
			);
			outputPaths = (
				"$(DERIVED_FILE_DIR)/Pods-mvvmsampleTests-checkManifestLockResult.txt",
			);
			runOnlyForDeploymentPostprocessing = 0;
			shellPath = /bin/sh;
			shellScript = "diff \"${PODS_PODFILE_DIR_PATH}/Podfile.lock\" \"${PODS_ROOT}/Manifest.lock\" > /dev/null\nif [ $? != 0 ] ; then\n    # print error to STDERR\n    echo \"error: The sandbox is not in sync with the Podfile.lock. Run 'pod install' or update your CocoaPods installation.\" >&2\n    exit 1\nfi\n# This output is used by Xcode 'outputs' to avoid re-running this script phase.\necho \"SUCCESS\" > \"${SCRIPT_OUTPUT_FILE_0}\"\n";
			showEnvVarsInLog = 0;
		};
		D3BE752B217703E4006BF769 /* ShellScript */ = {
			isa = PBXShellScriptBuildPhase;
			buildActionMask = 2147483647;
			files = (
			);
			inputFileListPaths = (
			);
			inputPaths = (
			);
			outputFileListPaths = (
			);
			outputPaths = (
			);
			runOnlyForDeploymentPostprocessing = 0;
			shellPath = /bin/sh;
			shellScript = "# Type a script or drag a script file from your workspace to insert its path.\nif which swiftlint >/dev/null; then\nswiftlint\nelse\necho \"warning: SwiftLint not installed, download from https://github.com/realm/SwiftLint\"\nfi\n";
		};
		EA00A09CBAB959BBC4D8533C /* [CP] Check Pods Manifest.lock */ = {
			isa = PBXShellScriptBuildPhase;
			buildActionMask = 2147483647;
			files = (
			);
			inputFileListPaths = (
			);
			inputPaths = (
				"${PODS_PODFILE_DIR_PATH}/Podfile.lock",
				"${PODS_ROOT}/Manifest.lock",
			);
			name = "[CP] Check Pods Manifest.lock";
			outputFileListPaths = (
			);
			outputPaths = (
				"$(DERIVED_FILE_DIR)/Pods-mvvmsampleUITests-checkManifestLockResult.txt",
			);
			runOnlyForDeploymentPostprocessing = 0;
			shellPath = /bin/sh;
			shellScript = "diff \"${PODS_PODFILE_DIR_PATH}/Podfile.lock\" \"${PODS_ROOT}/Manifest.lock\" > /dev/null\nif [ $? != 0 ] ; then\n    # print error to STDERR\n    echo \"error: The sandbox is not in sync with the Podfile.lock. Run 'pod install' or update your CocoaPods installation.\" >&2\n    exit 1\nfi\n# This output is used by Xcode 'outputs' to avoid re-running this script phase.\necho \"SUCCESS\" > \"${SCRIPT_OUTPUT_FILE_0}\"\n";
			showEnvVarsInLog = 0;
		};
/* End PBXShellScriptBuildPhase section */

/* Begin PBXSourcesBuildPhase section */
		D3B4D2152175B884004F9891 /* Sources */ = {
			isa = PBXSourcesBuildPhase;
			buildActionMask = 2147483647;
			files = (
				D3B4D21F2175B884004F9891 /* ViewController.swift in Sources */,
				D3B4D21D2175B884004F9891 /* AppDelegate.swift in Sources */,
				D3B4D24C2175BBA7004F9891 /* LoginViewModel.swift in Sources */,
			);
			runOnlyForDeploymentPostprocessing = 0;
		};
		D3B4D2292175B886004F9891 /* Sources */ = {
			isa = PBXSourcesBuildPhase;
			buildActionMask = 2147483647;
			files = (
				D3B4D2322175B886004F9891 /* loginViewModelTests.swift in Sources */,
			);
			runOnlyForDeploymentPostprocessing = 0;
		};
		D3B4D2342175B886004F9891 /* Sources */ = {
			isa = PBXSourcesBuildPhase;
			buildActionMask = 2147483647;
			files = (
				D3B4D23D2175B886004F9891 /* mvvmsampleUITests.swift in Sources */,
			);
			runOnlyForDeploymentPostprocessing = 0;
		};
/* End PBXSourcesBuildPhase section */

/* Begin PBXTargetDependency section */
		D3B4D22F2175B886004F9891 /* PBXTargetDependency */ = {
			isa = PBXTargetDependency;
			target = D3B4D2182175B884004F9891 /* mvvmsample */;
			targetProxy = D3B4D22E2175B886004F9891 /* PBXContainerItemProxy */;
		};
		D3B4D23A2175B886004F9891 /* PBXTargetDependency */ = {
			isa = PBXTargetDependency;
			target = D3B4D2182175B884004F9891 /* mvvmsample */;
			targetProxy = D3B4D2392175B886004F9891 /* PBXContainerItemProxy */;
		};
/* End PBXTargetDependency section */

/* Begin PBXVariantGroup section */
		D3B4D2202175B884004F9891 /* Main.storyboard */ = {
			isa = PBXVariantGroup;
			children = (
				D3B4D2212175B884004F9891 /* Base */,
			);
			name = Main.storyboard;
			sourceTree = "<group>";
		};
		D3B4D2252175B886004F9891 /* LaunchScreen.storyboard */ = {
			isa = PBXVariantGroup;
			children = (
				D3B4D2262175B886004F9891 /* Base */,
			);
			name = LaunchScreen.storyboard;
			sourceTree = "<group>";
		};
/* End PBXVariantGroup section */

/* Begin XCBuildConfiguration section */
		D3B4D23F2175B886004F9891 /* Debug */ = {
			isa = XCBuildConfiguration;
			buildSettings = {
				ALWAYS_SEARCH_USER_PATHS = NO;
				CLANG_ANALYZER_NONNULL = YES;
				CLANG_ANALYZER_NUMBER_OBJECT_CONVERSION = YES_AGGRESSIVE;
				CLANG_CXX_LANGUAGE_STANDARD = "gnu++14";
				CLANG_CXX_LIBRARY = "libc++";
				CLANG_ENABLE_MODULES = YES;
				CLANG_ENABLE_OBJC_ARC = YES;
				CLANG_ENABLE_OBJC_WEAK = YES;
				CLANG_WARN_BLOCK_CAPTURE_AUTORELEASING = YES;
				CLANG_WARN_BOOL_CONVERSION = YES;
				CLANG_WARN_COMMA = YES;
				CLANG_WARN_CONSTANT_CONVERSION = YES;
				CLANG_WARN_DEPRECATED_OBJC_IMPLEMENTATIONS = YES;
				CLANG_WARN_DIRECT_OBJC_ISA_USAGE = YES_ERROR;
				CLANG_WARN_DOCUMENTATION_COMMENTS = YES;
				CLANG_WARN_EMPTY_BODY = YES;
				CLANG_WARN_ENUM_CONVERSION = YES;
				CLANG_WARN_INFINITE_RECURSION = YES;
				CLANG_WARN_INT_CONVERSION = YES;
				CLANG_WARN_NON_LITERAL_NULL_CONVERSION = YES;
				CLANG_WARN_OBJC_IMPLICIT_RETAIN_SELF = YES;
				CLANG_WARN_OBJC_LITERAL_CONVERSION = YES;
				CLANG_WARN_OBJC_ROOT_CLASS = YES_ERROR;
				CLANG_WARN_RANGE_LOOP_ANALYSIS = YES;
				CLANG_WARN_STRICT_PROTOTYPES = YES;
				CLANG_WARN_SUSPICIOUS_MOVE = YES;
				CLANG_WARN_UNGUARDED_AVAILABILITY = YES_AGGRESSIVE;
				CLANG_WARN_UNREACHABLE_CODE = YES;
				CLANG_WARN__DUPLICATE_METHOD_MATCH = YES;
				CODE_SIGN_IDENTITY = "iPhone Developer";
				COPY_PHASE_STRIP = NO;
				DEBUG_INFORMATION_FORMAT = dwarf;
				ENABLE_STRICT_OBJC_MSGSEND = YES;
				ENABLE_TESTABILITY = YES;
				GCC_C_LANGUAGE_STANDARD = gnu11;
				GCC_DYNAMIC_NO_PIC = NO;
				GCC_NO_COMMON_BLOCKS = YES;
				GCC_OPTIMIZATION_LEVEL = 0;
				GCC_PREPROCESSOR_DEFINITIONS = (
					"DEBUG=1",
					"$(inherited)",
				);
				GCC_WARN_64_TO_32_BIT_CONVERSION = YES;
				GCC_WARN_ABOUT_RETURN_TYPE = YES_ERROR;
				GCC_WARN_UNDECLARED_SELECTOR = YES;
				GCC_WARN_UNINITIALIZED_AUTOS = YES_AGGRESSIVE;
				GCC_WARN_UNUSED_FUNCTION = YES;
				GCC_WARN_UNUSED_VARIABLE = YES;
				IPHONEOS_DEPLOYMENT_TARGET = 12.0;
				MTL_ENABLE_DEBUG_INFO = INCLUDE_SOURCE;
				MTL_FAST_MATH = YES;
				ONLY_ACTIVE_ARCH = YES;
				SDKROOT = iphoneos;
				SWIFT_ACTIVE_COMPILATION_CONDITIONS = DEBUG;
				SWIFT_OPTIMIZATION_LEVEL = "-Onone";
			};
			name = Debug;
		};
		D3B4D2402175B886004F9891 /* Release */ = {
			isa = XCBuildConfiguration;
			buildSettings = {
				ALWAYS_SEARCH_USER_PATHS = NO;
				CLANG_ANALYZER_NONNULL = YES;
				CLANG_ANALYZER_NUMBER_OBJECT_CONVERSION = YES_AGGRESSIVE;
				CLANG_CXX_LANGUAGE_STANDARD = "gnu++14";
				CLANG_CXX_LIBRARY = "libc++";
				CLANG_ENABLE_MODULES = YES;
				CLANG_ENABLE_OBJC_ARC = YES;
				CLANG_ENABLE_OBJC_WEAK = YES;
				CLANG_WARN_BLOCK_CAPTURE_AUTORELEASING = YES;
				CLANG_WARN_BOOL_CONVERSION = YES;
				CLANG_WARN_COMMA = YES;
				CLANG_WARN_CONSTANT_CONVERSION = YES;
				CLANG_WARN_DEPRECATED_OBJC_IMPLEMENTATIONS = YES;
				CLANG_WARN_DIRECT_OBJC_ISA_USAGE = YES_ERROR;
				CLANG_WARN_DOCUMENTATION_COMMENTS = YES;
				CLANG_WARN_EMPTY_BODY = YES;
				CLANG_WARN_ENUM_CONVERSION = YES;
				CLANG_WARN_INFINITE_RECURSION = YES;
				CLANG_WARN_INT_CONVERSION = YES;
				CLANG_WARN_NON_LITERAL_NULL_CONVERSION = YES;
				CLANG_WARN_OBJC_IMPLICIT_RETAIN_SELF = YES;
				CLANG_WARN_OBJC_LITERAL_CONVERSION = YES;
				CLANG_WARN_OBJC_ROOT_CLASS = YES_ERROR;
				CLANG_WARN_RANGE_LOOP_ANALYSIS = YES;
				CLANG_WARN_STRICT_PROTOTYPES = YES;
				CLANG_WARN_SUSPICIOUS_MOVE = YES;
				CLANG_WARN_UNGUARDED_AVAILABILITY = YES_AGGRESSIVE;
				CLANG_WARN_UNREACHABLE_CODE = YES;
				CLANG_WARN__DUPLICATE_METHOD_MATCH = YES;
				CODE_SIGN_IDENTITY = "iPhone Developer";
				COPY_PHASE_STRIP = NO;
				DEBUG_INFORMATION_FORMAT = "dwarf-with-dsym";
				ENABLE_NS_ASSERTIONS = NO;
				ENABLE_STRICT_OBJC_MSGSEND = YES;
				GCC_C_LANGUAGE_STANDARD = gnu11;
				GCC_NO_COMMON_BLOCKS = YES;
				GCC_WARN_64_TO_32_BIT_CONVERSION = YES;
				GCC_WARN_ABOUT_RETURN_TYPE = YES_ERROR;
				GCC_WARN_UNDECLARED_SELECTOR = YES;
				GCC_WARN_UNINITIALIZED_AUTOS = YES_AGGRESSIVE;
				GCC_WARN_UNUSED_FUNCTION = YES;
				GCC_WARN_UNUSED_VARIABLE = YES;
				IPHONEOS_DEPLOYMENT_TARGET = 12.0;
				MTL_ENABLE_DEBUG_INFO = NO;
				MTL_FAST_MATH = YES;
				SDKROOT = iphoneos;
				SWIFT_COMPILATION_MODE = wholemodule;
				SWIFT_OPTIMIZATION_LEVEL = "-O";
				VALIDATE_PRODUCT = YES;
			};
			name = Release;
		};
		D3B4D2422175B886004F9891 /* Debug */ = {
			isa = XCBuildConfiguration;
			baseConfigurationReference = 1EA4DFAA7A81AAABCF7E26F0 /* Pods-mvvmsample.debug.xcconfig */;
			buildSettings = {
				ASSETCATALOG_COMPILER_APPICON_NAME = AppIcon;
				CODE_SIGN_STYLE = Automatic;
				INFOPLIST_FILE = mvvmsample/Info.plist;
				LD_RUNPATH_SEARCH_PATHS = (
					"$(inherited)",
					"@executable_path/Frameworks",
				);
				PRODUCT_BUNDLE_IDENTIFIER = com.taehoonkoo.mvvmsample;
				PRODUCT_NAME = "$(TARGET_NAME)";
				SWIFT_VERSION = 4.0;
				TARGETED_DEVICE_FAMILY = "1,2";
			};
			name = Debug;
		};
		D3B4D2432175B886004F9891 /* Release */ = {
			isa = XCBuildConfiguration;
			baseConfigurationReference = 00EB7B3C3E45AC6087475DAB /* Pods-mvvmsample.release.xcconfig */;
			buildSettings = {
				ASSETCATALOG_COMPILER_APPICON_NAME = AppIcon;
				CODE_SIGN_STYLE = Automatic;
				INFOPLIST_FILE = mvvmsample/Info.plist;
				LD_RUNPATH_SEARCH_PATHS = (
					"$(inherited)",
					"@executable_path/Frameworks",
				);
				PRODUCT_BUNDLE_IDENTIFIER = com.taehoonkoo.mvvmsample;
				PRODUCT_NAME = "$(TARGET_NAME)";
				SWIFT_VERSION = 4.0;
				TARGETED_DEVICE_FAMILY = "1,2";
			};
			name = Release;
		};
		D3B4D2452175B886004F9891 /* Debug */ = {
			isa = XCBuildConfiguration;
			baseConfigurationReference = 4800A1901F2573770C23590E /* Pods-mvvmsampleTests.debug.xcconfig */;
			buildSettings = {
				ALWAYS_EMBED_SWIFT_STANDARD_LIBRARIES = YES;
				BUNDLE_LOADER = "$(TEST_HOST)";
				CODE_SIGN_STYLE = Automatic;
				INFOPLIST_FILE = mvvmsampleTests/Info.plist;
				LD_RUNPATH_SEARCH_PATHS = (
					"$(inherited)",
					"@executable_path/Frameworks",
					"@loader_path/Frameworks",
				);
				PRODUCT_BUNDLE_IDENTIFIER = com.taehoonkoo.mvvmsampleTests;
				PRODUCT_NAME = "$(TARGET_NAME)";
				SWIFT_VERSION = 4.0;
				TARGETED_DEVICE_FAMILY = "1,2";
				TEST_HOST = "$(BUILT_PRODUCTS_DIR)/mvvmsample.app/mvvmsample";
			};
			name = Debug;
		};
		D3B4D2462175B886004F9891 /* Release */ = {
			isa = XCBuildConfiguration;
			baseConfigurationReference = F226E483C5A1BB427E693C47 /* Pods-mvvmsampleTests.release.xcconfig */;
			buildSettings = {
				ALWAYS_EMBED_SWIFT_STANDARD_LIBRARIES = YES;
				BUNDLE_LOADER = "$(TEST_HOST)";
				CODE_SIGN_STYLE = Automatic;
				INFOPLIST_FILE = mvvmsampleTests/Info.plist;
				LD_RUNPATH_SEARCH_PATHS = (
					"$(inherited)",
					"@executable_path/Frameworks",
					"@loader_path/Frameworks",
				);
				PRODUCT_BUNDLE_IDENTIFIER = com.taehoonkoo.mvvmsampleTests;
				PRODUCT_NAME = "$(TARGET_NAME)";
				SWIFT_VERSION = 4.0;
				TARGETED_DEVICE_FAMILY = "1,2";
				TEST_HOST = "$(BUILT_PRODUCTS_DIR)/mvvmsample.app/mvvmsample";
			};
			name = Release;
		};
		D3B4D2482175B886004F9891 /* Debug */ = {
			isa = XCBuildConfiguration;
			baseConfigurationReference = 8B6D8E6A8B1EB509F479BDDB /* Pods-mvvmsampleUITests.debug.xcconfig */;
			buildSettings = {
				ALWAYS_EMBED_SWIFT_STANDARD_LIBRARIES = YES;
				CODE_SIGN_STYLE = Automatic;
				INFOPLIST_FILE = mvvmsampleUITests/Info.plist;
				LD_RUNPATH_SEARCH_PATHS = (
					"$(inherited)",
					"@executable_path/Frameworks",
					"@loader_path/Frameworks",
				);
				PRODUCT_BUNDLE_IDENTIFIER = com.taehoonkoo.mvvmsampleUITests;
				PRODUCT_NAME = "$(TARGET_NAME)";
				SWIFT_VERSION = 4.2;
				TARGETED_DEVICE_FAMILY = "1,2";
				TEST_TARGET_NAME = mvvmsample;
			};
			name = Debug;
		};
		D3B4D2492175B886004F9891 /* Release */ = {
			isa = XCBuildConfiguration;
			baseConfigurationReference = 72269B33C7277C230CEEB344 /* Pods-mvvmsampleUITests.release.xcconfig */;
			buildSettings = {
				ALWAYS_EMBED_SWIFT_STANDARD_LIBRARIES = YES;
				CODE_SIGN_STYLE = Automatic;
				INFOPLIST_FILE = mvvmsampleUITests/Info.plist;
				LD_RUNPATH_SEARCH_PATHS = (
					"$(inherited)",
					"@executable_path/Frameworks",
					"@loader_path/Frameworks",
				);
				PRODUCT_BUNDLE_IDENTIFIER = com.taehoonkoo.mvvmsampleUITests;
				PRODUCT_NAME = "$(TARGET_NAME)";
				SWIFT_VERSION = 4.2;
				TARGETED_DEVICE_FAMILY = "1,2";
				TEST_TARGET_NAME = mvvmsample;
			};
			name = Release;
		};
/* End XCBuildConfiguration section */

/* Begin XCConfigurationList section */
		D3B4D2142175B884004F9891 /* Build configuration list for PBXProject "mvvmsample" */ = {
			isa = XCConfigurationList;
			buildConfigurations = (
				D3B4D23F2175B886004F9891 /* Debug */,
				D3B4D2402175B886004F9891 /* Release */,
			);
			defaultConfigurationIsVisible = 0;
			defaultConfigurationName = Release;
		};
		D3B4D2412175B886004F9891 /* Build configuration list for PBXNativeTarget "mvvmsample" */ = {
			isa = XCConfigurationList;
			buildConfigurations = (
				D3B4D2422175B886004F9891 /* Debug */,
				D3B4D2432175B886004F9891 /* Release */,
			);
			defaultConfigurationIsVisible = 0;
			defaultConfigurationName = Release;
		};
		D3B4D2442175B886004F9891 /* Build configuration list for PBXNativeTarget "mvvmsampleTests" */ = {
			isa = XCConfigurationList;
			buildConfigurations = (
				D3B4D2452175B886004F9891 /* Debug */,
				D3B4D2462175B886004F9891 /* Release */,
			);
			defaultConfigurationIsVisible = 0;
			defaultConfigurationName = Release;
		};
		D3B4D2472175B886004F9891 /* Build configuration list for PBXNativeTarget "mvvmsampleUITests" */ = {
			isa = XCConfigurationList;
			buildConfigurations = (
				D3B4D2482175B886004F9891 /* Debug */,
				D3B4D2492175B886004F9891 /* Release */,
			);
			defaultConfigurationIsVisible = 0;
			defaultConfigurationName = Release;
		};
/* End XCConfigurationList section */
	};
	rootObject = D3B4D2112175B884004F9891 /* Project object */;
}
